// !$*UTF8*$!
{
	archiveVersion = 1;
	classes = {
	};
	objectVersion = 77;
	objects = {

/* Begin PBXBuildFile section */
		0FB7896F2BDD5EB828601B1C /* AVFoundation.framework in Frameworks */ = {isa = PBXBuildFile; fileRef = 2BBC47FEE5C9360F4C95D2B1 /* AVFoundation.framework */; };
		1E4D96D96204CFA561893108 /* SettingsView.swift in Sources */ = {isa = PBXBuildFile; fileRef = 3E36B2431BE7371F726F22F8 /* SettingsView.swift */; };
		2ABA43AEBBA3ECD6CE52D0A5 /* CameraPreview.swift in Sources */ = {isa = PBXBuildFile; fileRef = 54834F6A9FB01134B40BF4C0 /* CameraPreview.swift */; };
		2F047F43F7EC5EE24F81372A /* UIKit.framework in Frameworks */ = {isa = PBXBuildFile; fileRef = 3595DC85FDD3182A768EC143 /* UIKit.framework */; };
		41EF7A0528EA715970FC36EC /* ContentView.swift in Sources */ = {isa = PBXBuildFile; fileRef = C90A5A080711C4B04DD211FF /* ContentView.swift */; };
		42411EE9D72FD05A1CF11579 /* RegistrationClient.swift in Sources */ = {isa = PBXBuildFile; fileRef = 2A01A0478C48EFFF61BB8E8A /* RegistrationClient.swift */; };
		43184878E5C8663706551DCA /* AckReceiver.swift in Sources */ = {isa = PBXBuildFile; fileRef = CB97889A75AC4C42BB6BD64E /* AckReceiver.swift */; };
		45B9A2208B3D203844DA7B95 /* RtpPacketizer.swift in Sources */ = {isa = PBXBuildFile; fileRef = C5D5F3DB23AB36C3650CE78D /* RtpPacketizer.swift */; };
		46898164C97109B8289BBFC0 /* AppSettings.swift in Sources */ = {isa = PBXBuildFile; fileRef = 39BE72841C8C03A02514D00E /* AppSettings.swift */; };
		53C49ABE480B9299F37F9FC3 /* RtpSender.swift in Sources */ = {isa = PBXBuildFile; fileRef = 4EFA65AC2D73A8097127A903 /* RtpSender.swift */; };
		60CAA00E6CB9BEC4E4E613C2 /* VideoToolbox.framework in Frameworks */ = {isa = PBXBuildFile; fileRef = FD9FED588752E4D850311C6D /* VideoToolbox.framework */; };
		86C85E235BFCA96EB2E036DA /* StageStatusView.swift in Sources */ = {isa = PBXBuildFile; fileRef = FFBA87A18CEFC89BD65D3A85 /* StageStatusView.swift */; };
		87F7DA2E026837E1A1437AEB /* ReportDiscovery.swift in Sources */ = {isa = PBXBuildFile; fileRef = 3E0AE4B3877FFBAB4B6DCDA6 /* ReportDiscovery.swift */; };
		88B68617596D88091F5D64D7 /* H264Encoder.swift in Sources */ = {isa = PBXBuildFile; fileRef = 25DA57E5CE5F0FDB9873CA9F /* H264Encoder.swift */; };
		8C0BEC3102610EF3062C729B /* CaptureSession.swift in Sources */ = {isa = PBXBuildFile; fileRef = 08FB0CDB72C0B369D1A34192 /* CaptureSession.swift */; };
		EE529B7A002F49119A37FD3D /* FrameCropper.swift in Sources */ = {isa = PBXBuildFile; fileRef = 3F90E019377F4B6A8C1EE01A /* FrameCropper.swift */; };
		91D4068CB2997FD5854B17D1 /* CoreVideo.framework in Frameworks */ = {isa = PBXBuildFile; fileRef = 5F3EA70355F14419F76BDA76 /* CoreVideo.framework */; };
		93522736B95291B0F8DC9DA2 /* WitnessApp.swift in Sources */ = {isa = PBXBuildFile; fileRef = 1F8997FA9760B115038B506E /* WitnessApp.swift */; };
		BB3A1DBC35C84EFE792C1A61 /* CoreMedia.framework in Frameworks */ = {isa = PBXBuildFile; fileRef = 0ED3A1DAFB6146A021C939B4 /* CoreMedia.framework */; };
		FD567A9C0DFC980E5D4078C8 /* BonjourPublisher.swift in Sources */ = {isa = PBXBuildFile; fileRef = 29EC44A28E0039011EC0BFC6 /* BonjourPublisher.swift */; };
		FD8746838B8C41622863FD02 /* AppModel.swift in Sources */ = {isa = PBXBuildFile; fileRef = 2FBABAE9C83D383B85915672 /* AppModel.swift */; };
/* End PBXBuildFile section */

/* Begin PBXFileReference section */
		003C9498EA506F48F2E4ECF9 /* Witness.app */ = {isa = PBXFileReference; explicitFileType = wrapper.application; includeInIndex = 0; path = Witness.app; sourceTree = BUILT_PRODUCTS_DIR; };
		08FB0CDB72C0B369D1A34192 /* CaptureSession.swift */ = {isa = PBXFileReference; lastKnownFileType = sourcecode.swift; path = CaptureSession.swift; sourceTree = "<group>"; };
		3F90E019377F4B6A8C1EE01A /* FrameCropper.swift */ = {isa = PBXFileReference; lastKnownFileType = sourcecode.swift; path = FrameCropper.swift; sourceTree = "<group>"; };
		0ED3A1DAFB6146A021C939B4 /* CoreMedia.framework */ = {isa = PBXFileReference; lastKnownFileType = wrapper.framework; name = CoreMedia.framework; path = System/Library/Frameworks/CoreMedia.framework; sourceTree = SDKROOT; };
		1F8997FA9760B115038B506E /* WitnessApp.swift */ = {isa = PBXFileReference; lastKnownFileType = sourcecode.swift; path = WitnessApp.swift; sourceTree = "<group>"; };
		25DA57E5CE5F0FDB9873CA9F /* H264Encoder.swift */ = {isa = PBXFileReference; lastKnownFileType = sourcecode.swift; path = H264Encoder.swift; sourceTree = "<group>"; };
		29EC44A28E0039011EC0BFC6 /* BonjourPublisher.swift */ = {isa = PBXFileReference; lastKnownFileType = sourcecode.swift; path = BonjourPublisher.swift; sourceTree = "<group>"; };
		2A01A0478C48EFFF61BB8E8A /* RegistrationClient.swift */ = {isa = PBXFileReference; lastKnownFileType = sourcecode.swift; path = RegistrationClient.swift; sourceTree = "<group>"; };
		2BBC47FEE5C9360F4C95D2B1 /* AVFoundation.framework */ = {isa = PBXFileReference; lastKnownFileType = wrapper.framework; name = AVFoundation.framework; path = System/Library/Frameworks/AVFoundation.framework; sourceTree = SDKROOT; };
		2FBABAE9C83D383B85915672 /* AppModel.swift */ = {isa = PBXFileReference; lastKnownFileType = sourcecode.swift; path = AppModel.swift; sourceTree = "<group>"; };
		3595DC85FDD3182A768EC143 /* UIKit.framework */ = {isa = PBXFileReference; lastKnownFileType = wrapper.framework; name = UIKit.framework; path = System/Library/Frameworks/UIKit.framework; sourceTree = SDKROOT; };
		39BE72841C8C03A02514D00E /* AppSettings.swift */ = {isa = PBXFileReference; lastKnownFileType = sourcecode.swift; path = AppSettings.swift; sourceTree = "<group>"; };
		3E0AE4B3877FFBAB4B6DCDA6 /* ReportDiscovery.swift */ = {isa = PBXFileReference; lastKnownFileType = sourcecode.swift; path = ReportDiscovery.swift; sourceTree = "<group>"; };
		3E36B2431BE7371F726F22F8 /* SettingsView.swift */ = {isa = PBXFileReference; lastKnownFileType = sourcecode.swift; path = SettingsView.swift; sourceTree = "<group>"; };
		4EFA65AC2D73A8097127A903 /* RtpSender.swift */ = {isa = PBXFileReference; lastKnownFileType = sourcecode.swift; path = RtpSender.swift; sourceTree = "<group>"; };
		54834F6A9FB01134B40BF4C0 /* CameraPreview.swift */ = {isa = PBXFileReference; lastKnownFileType = sourcecode.swift; path = CameraPreview.swift; sourceTree = "<group>"; };
		5F3EA70355F14419F76BDA76 /* CoreVideo.framework */ = {isa = PBXFileReference; lastKnownFileType = wrapper.framework; name = CoreVideo.framework; path = System/Library/Frameworks/CoreVideo.framework; sourceTree = SDKROOT; };
		7A155D1F24DDB79ABBAEE9BE /* Info.plist */ = {isa = PBXFileReference; lastKnownFileType = text.plist; path = Info.plist; sourceTree = "<group>"; };
		C5D5F3DB23AB36C3650CE78D /* RtpPacketizer.swift */ = {isa = PBXFileReference; lastKnownFileType = sourcecode.swift; path = RtpPacketizer.swift; sourceTree = "<group>"; };
		C90A5A080711C4B04DD211FF /* ContentView.swift */ = {isa = PBXFileReference; lastKnownFileType = sourcecode.swift; path = ContentView.swift; sourceTree = "<group>"; };
		CB97889A75AC4C42BB6BD64E /* AckReceiver.swift */ = {isa = PBXFileReference; lastKnownFileType = sourcecode.swift; path = AckReceiver.swift; sourceTree = "<group>"; };
		FD9FED588752E4D850311C6D /* VideoToolbox.framework */ = {isa = PBXFileReference; lastKnownFileType = wrapper.framework; name = VideoToolbox.framework; path = System/Library/Frameworks/VideoToolbox.framework; sourceTree = SDKROOT; };
		FFBA87A18CEFC89BD65D3A85 /* StageStatusView.swift */ = {isa = PBXFileReference; lastKnownFileType = sourcecode.swift; path = StageStatusView.swift; sourceTree = "<group>"; };
/* End PBXFileReference section */

/* Begin PBXFrameworksBuildPhase section */
		967EEEE48B237A347CCCED18 /* Frameworks */ = {
			isa = PBXFrameworksBuildPhase;
			buildActionMask = 2147483647;
			files = (
				0FB7896F2BDD5EB828601B1C /* AVFoundation.framework in Frameworks */,
				BB3A1DBC35C84EFE792C1A61 /* CoreMedia.framework in Frameworks */,
				91D4068CB2997FD5854B17D1 /* CoreVideo.framework in Frameworks */,
				60CAA00E6CB9BEC4E4E613C2 /* VideoToolbox.framework in Frameworks */,
				2F047F43F7EC5EE24F81372A /* UIKit.framework in Frameworks */,
			);
			runOnlyForDeploymentPostprocessing = 0;
		};
/* End PBXFrameworksBuildPhase section */

/* Begin PBXGroup section */
		1FCD0BE5138E9BAFAA5C4B0C /* Encoder */ = {
			isa = PBXGroup;
			children = (
				25DA57E5CE5F0FDB9873CA9F /* H264Encoder.swift */,
			);
			path = Encoder;
			sourceTree = "<group>";
		};
		5D26D896382E9B55A14C1DDF /* Witness */ = {
			isa = PBXGroup;
			children = (
				7A155D1F24DDB79ABBAEE9BE /* Info.plist */,
				1F8997FA9760B115038B506E /* WitnessApp.swift */,
				7ACD1C912E6E9D600F621713 /* Capture */,
				1FCD0BE5138E9BAFAA5C4B0C /* Encoder */,
				8B4A3E07F50CD0A411C89768 /* Network */,
				5DF845E1A017147D62DD5309 /* RTP */,
				7134A5AB3BB41FD0DF3BAE0F /* UI */,
				F2F83BA490A877389ADAE3FD /* Util */,
			);
			path = Witness;
			sourceTree = "<group>";
		};
		5DF845E1A017147D62DD5309 /* RTP */ = {
			isa = PBXGroup;
			children = (
				C5D5F3DB23AB36C3650CE78D /* RtpPacketizer.swift */,
				4EFA65AC2D73A8097127A903 /* RtpSender.swift */,
			);
			path = RTP;
			sourceTree = "<group>";
		};
		7134A5AB3BB41FD0DF3BAE0F /* UI */ = {
			isa = PBXGroup;
			children = (
				54834F6A9FB01134B40BF4C0 /* CameraPreview.swift */,
				C90A5A080711C4B04DD211FF /* ContentView.swift */,
				3E36B2431BE7371F726F22F8 /* SettingsView.swift */,
				FFBA87A18CEFC89BD65D3A85 /* StageStatusView.swift */,
			);
			path = UI;
			sourceTree = "<group>";
		};
		7ACD1C912E6E9D600F621713 /* Capture */ = {
			isa = PBXGroup;
			children = (
				08FB0CDB72C0B369D1A34192 /* CaptureSession.swift */,
				3F90E019377F4B6A8C1EE01A /* FrameCropper.swift */,
			);
			path = Capture;
			sourceTree = "<group>";
		};
		8355A98CE88B93018DD2A824 = {
			isa = PBXGroup;
			children = (
				5D26D896382E9B55A14C1DDF /* Witness */,
				DC08A84F6B0410C86E130CE5 /* Frameworks */,
				98639BA6528D395635163C41 /* Products */,
			);
			sourceTree = "<group>";
		};
		8B4A3E07F50CD0A411C89768 /* Network */ = {
			isa = PBXGroup;
			children = (
				CB97889A75AC4C42BB6BD64E /* AckReceiver.swift */,
				29EC44A28E0039011EC0BFC6 /* BonjourPublisher.swift */,
				2A01A0478C48EFFF61BB8E8A /* RegistrationClient.swift */,
				3E0AE4B3877FFBAB4B6DCDA6 /* ReportDiscovery.swift */,
			);
			path = Network;
			sourceTree = "<group>";
		};
		98639BA6528D395635163C41 /* Products */ = {
			isa = PBXGroup;
			children = (
				003C9498EA506F48F2E4ECF9 /* Witness.app */,
			);
			name = Products;
			sourceTree = "<group>";
		};
		DC08A84F6B0410C86E130CE5 /* Frameworks */ = {
			isa = PBXGroup;
			children = (
				2BBC47FEE5C9360F4C95D2B1 /* AVFoundation.framework */,
				0ED3A1DAFB6146A021C939B4 /* CoreMedia.framework */,
				5F3EA70355F14419F76BDA76 /* CoreVideo.framework */,
				3595DC85FDD3182A768EC143 /* UIKit.framework */,
				FD9FED588752E4D850311C6D /* VideoToolbox.framework */,
			);
			name = Frameworks;
			sourceTree = "<group>";
		};
		F2F83BA490A877389ADAE3FD /* Util */ = {
			isa = PBXGroup;
			children = (
				2FBABAE9C83D383B85915672 /* AppModel.swift */,
				39BE72841C8C03A02514D00E /* AppSettings.swift */,
			);
			path = Util;
			sourceTree = "<group>";
		};
/* End PBXGroup section */

/* Begin PBXNativeTarget section */
		8926EE529F16A78EF6D2B226 /* Witness */ = {
			isa = PBXNativeTarget;
			buildConfigurationList = 2F2E6B6EA3D2685FCD451820 /* Build configuration list for PBXNativeTarget "Witness" */;
			buildPhases = (
				CF9EDFD30239A27D3D680A1A /* Sources */,
				967EEEE48B237A347CCCED18 /* Frameworks */,
			);
			buildRules = (
			);
			dependencies = (
			);
			name = Witness;
			packageProductDependencies = (
			);
			productName = Witness;
			productReference = 003C9498EA506F48F2E4ECF9 /* Witness.app */;
			productType = "com.apple.product-type.application";
		};
/* End PBXNativeTarget section */

/* Begin PBXProject section */
		5DE08BFC18210C8548FE82D8 /* Project object */ = {
			isa = PBXProject;
			attributes = {
				BuildIndependentTargetsInParallel = YES;
				LastUpgradeCheck = 2650;
				TargetAttributes = {
					8926EE529F16A78EF6D2B226 = {
						ProvisioningStyle = Automatic;
					};
				};
			};
			buildConfigurationList = 7EF346C71AE527C30003F330 /* Build configuration list for PBXProject "Witness" */;
			developmentRegion = en;
			hasScannedForEncodings = 0;
			knownRegions = (
				Base,
				en,
			);
			mainGroup = 8355A98CE88B93018DD2A824;
			minimizedProjectReferenceProxies = 1;
			preferredProjectObjectVersion = 77;
			productRefGroup = 98639BA6528D395635163C41 /* Products */;
			projectDirPath = "";
			projectRoot = "";
			targets = (
				8926EE529F16A78EF6D2B226 /* Witness */,
			);
		};
/* End PBXProject section */

/* Begin PBXSourcesBuildPhase section */
		CF9EDFD30239A27D3D680A1A /* Sources */ = {
			isa = PBXSourcesBuildPhase;
			buildActionMask = 2147483647;
			files = (
				43184878E5C8663706551DCA /* AckReceiver.swift in Sources */,
				FD8746838B8C41622863FD02 /* AppModel.swift in Sources */,
				46898164C97109B8289BBFC0 /* AppSettings.swift in Sources */,
				FD567A9C0DFC980E5D4078C8 /* BonjourPublisher.swift in Sources */,
				2ABA43AEBBA3ECD6CE52D0A5 /* CameraPreview.swift in Sources */,
				8C0BEC3102610EF3062C729B /* CaptureSession.swift in Sources */,
				EE529B7A002F49119A37FD3D /* FrameCropper.swift in Sources */,
				41EF7A0528EA715970FC36EC /* ContentView.swift in Sources */,
				88B68617596D88091F5D64D7 /* H264Encoder.swift in Sources */,
				42411EE9D72FD05A1CF11579 /* RegistrationClient.swift in Sources */,
				87F7DA2E026837E1A1437AEB /* ReportDiscovery.swift in Sources */,
				45B9A2208B3D203844DA7B95 /* RtpPacketizer.swift in Sources */,
				53C49ABE480B9299F37F9FC3 /* RtpSender.swift in Sources */,
				1E4D96D96204CFA561893108 /* SettingsView.swift in Sources */,
				86C85E235BFCA96EB2E036DA /* StageStatusView.swift in Sources */,
				93522736B95291B0F8DC9DA2 /* WitnessApp.swift in Sources */,
			);
			runOnlyForDeploymentPostprocessing = 0;
		};
/* End PBXSourcesBuildPhase section */

/* Begin XCBuildConfiguration section */
		079DEFD810EA130FD3E2FC6C /* Release */ = {
			isa = XCBuildConfiguration;
			buildSettings = {
				ASSETCATALOG_COMPILER_APPICON_NAME = AppIcon;
				CODE_SIGN_IDENTITY = "iPhone Developer";
				CODE_SIGN_STYLE = Automatic;
				"EXCLUDED_ARCHS[sdk=iphonesimulator*]" = arm64;
				INFOPLIST_FILE = Witness/Info.plist;
				LD_RUNPATH_SEARCH_PATHS = (
					"$(inherited)",
					"@executable_path/Frameworks",
				);
				PRODUCT_BUNDLE_IDENTIFIER = art.precrime.witness;
				SDKROOT = iphoneos;
				SUPPORTS_MACCATALYST = NO;
				SUPPORTS_MAC_DESIGNED_FOR_IPHONE_IPAD = NO;
				TARGETED_DEVICE_FAMILY = 1;
			};
			name = Release;
		};
		42E228111FCADAE792CCA7E3 /* Debug */ = {
			isa = XCBuildConfiguration;
			buildSettings = {
				ALWAYS_SEARCH_USER_PATHS = NO;
				CLANG_ANALYZER_NONNULL = YES;
				CLANG_ANALYZER_NUMBER_OBJECT_CONVERSION = YES_AGGRESSIVE;
				CLANG_CXX_LANGUAGE_STANDARD = "gnu++14";
				CLANG_CXX_LIBRARY = "libc++";
				CLANG_ENABLE_MODULES = YES;
				CLANG_ENABLE_OBJC_ARC = YES;
				CLANG_ENABLE_OBJC_WEAK = YES;
				CLANG_WARN_BLOCK_CAPTURE_AUTORELEASING = YES;
				CLANG_WARN_BOOL_CONVERSION = YES;
				CLANG_WARN_COMMA = YES;
				CLANG_WARN_CONSTANT_CONVERSION = YES;
				CLANG_WARN_DEPRECATED_OBJC_IMPLEMENTATIONS = YES;
				CLANG_WARN_DIRECT_OBJC_ISA_USAGE = YES_ERROR;
				CLANG_WARN_DOCUMENTATION_COMMENTS = YES;
				CLANG_WARN_EMPTY_BODY = YES;
				CLANG_WARN_ENUM_CONVERSION = YES;
				CLANG_WARN_INFINITE_RECURSION = YES;
				CLANG_WARN_INT_CONVERSION = YES;
				CLANG_WARN_NON_LITERAL_NULL_CONVERSION = YES;
				CLANG_WARN_OBJC_IMPLICIT_RETAIN_SELF = YES;
				CLANG_WARN_OBJC_LITERAL_CONVERSION = YES;
				CLANG_WARN_OBJC_ROOT_CLASS = YES_ERROR;
				CLANG_WARN_QUOTED_INCLUDE_IN_FRAMEWORK_HEADER = YES;
				CLANG_WARN_RANGE_LOOP_ANALYSIS = YES;
				CLANG_WARN_STRICT_PROTOTYPES = YES;
				CLANG_WARN_SUSPICIOUS_MOVE = YES;
				CLANG_WARN_UNGUARDED_AVAILABILITY = YES_AGGRESSIVE;
				CLANG_WARN_UNREACHABLE_CODE = YES;
				CLANG_WARN__DUPLICATE_METHOD_MATCH = YES;
				COPY_PHASE_STRIP = NO;
				CURRENT_PROJECT_VERSION = 1;
				DEBUG_INFORMATION_FORMAT = dwarf;
				DEVELOPMENT_TEAM = 945YA3Q2PV;
				ENABLE_BITCODE = NO;
				ENABLE_STRICT_OBJC_MSGSEND = YES;
				ENABLE_TESTABILITY = YES;
				ENABLE_USER_SCRIPT_SANDBOXING = YES;
				GCC_C_LANGUAGE_STANDARD = gnu11;
				GCC_DYNAMIC_NO_PIC = NO;
				GCC_NO_COMMON_BLOCKS = YES;
				GCC_OPTIMIZATION_LEVEL = 0;
				GCC_PREPROCESSOR_DEFINITIONS = (
					"$(inherited)",
					"DEBUG=1",
				);
				GCC_WARN_64_TO_32_BIT_CONVERSION = YES;
				GCC_WARN_ABOUT_RETURN_TYPE = YES_ERROR;
				GCC_WARN_UNDECLARED_SELECTOR = YES;
				GCC_WARN_UNINITIALIZED_AUTOS = YES_AGGRESSIVE;
				GCC_WARN_UNUSED_FUNCTION = YES;
				GCC_WARN_UNUSED_VARIABLE = YES;
				IPHONEOS_DEPLOYMENT_TARGET = 16.0;
				MARKETING_VERSION = 0.2.0;
				MTL_ENABLE_DEBUG_INFO = INCLUDE_SOURCE;
				MTL_FAST_MATH = YES;
				ONLY_ACTIVE_ARCH = YES;
				PRODUCT_NAME = "$(TARGET_NAME)";
				SDKROOT = iphoneos;
				STRING_CATALOG_GENERATE_SYMBOLS = YES;
				SWIFT_ACTIVE_COMPILATION_CONDITIONS = DEBUG;
				SWIFT_OPTIMIZATION_LEVEL = "-Onone";
				SWIFT_VERSION = 5.9;
			};
			name = Debug;
		};
		A99EF3E3E26716F2AD788D18 /* Release */ = {
			isa = XCBuildConfiguration;
			buildSettings = {
				ALWAYS_SEARCH_USER_PATHS = NO;
				CLANG_ANALYZER_NONNULL = YES;
				CLANG_ANALYZER_NUMBER_OBJECT_CONVERSION = YES_AGGRESSIVE;
				CLANG_CXX_LANGUAGE_STANDARD = "gnu++14";
				CLANG_CXX_LIBRARY = "libc++";
				CLANG_ENABLE_MODULES = YES;
				CLANG_ENABLE_OBJC_ARC = YES;
				CLANG_ENABLE_OBJC_WEAK = YES;
				CLANG_WARN_BLOCK_CAPTURE_AUTORELEASING = YES;
				CLANG_WARN_BOOL_CONVERSION = YES;
				CLANG_WARN_COMMA = YES;
				CLANG_WARN_CONSTANT_CONVERSION = YES;
				CLANG_WARN_DEPRECATED_OBJC_IMPLEMENTATIONS = YES;
				CLANG_WARN_DIRECT_OBJC_ISA_USAGE = YES_ERROR;
				CLANG_WARN_DOCUMENTATION_COMMENTS = YES;
				CLANG_WARN_EMPTY_BODY = YES;
				CLANG_WARN_ENUM_CONVERSION = YES;
				CLANG_WARN_INFINITE_RECURSION = YES;
				CLANG_WARN_INT_CONVERSION = YES;
				CLANG_WARN_NON_LITERAL_NULL_CONVERSION = YES;
				CLANG_WARN_OBJC_IMPLICIT_RETAIN_SELF = YES;
				CLANG_WARN_OBJC_LITERAL_CONVERSION = YES;
				CLANG_WARN_OBJC_ROOT_CLASS = YES_ERROR;
				CLANG_WARN_QUOTED_INCLUDE_IN_FRAMEWORK_HEADER = YES;
				CLANG_WARN_RANGE_LOOP_ANALYSIS = YES;
				CLANG_WARN_STRICT_PROTOTYPES = YES;
				CLANG_WARN_SUSPICIOUS_MOVE = YES;
				CLANG_WARN_UNGUARDED_AVAILABILITY = YES_AGGRESSIVE;
				CLANG_WARN_UNREACHABLE_CODE = YES;
				CLANG_WARN__DUPLICATE_METHOD_MATCH = YES;
				COPY_PHASE_STRIP = NO;
				CURRENT_PROJECT_VERSION = 1;
				DEBUG_INFORMATION_FORMAT = "dwarf-with-dsym";
				DEVELOPMENT_TEAM = 945YA3Q2PV;
				ENABLE_BITCODE = NO;
				ENABLE_NS_ASSERTIONS = NO;
				ENABLE_STRICT_OBJC_MSGSEND = YES;
				ENABLE_USER_SCRIPT_SANDBOXING = YES;
				GCC_C_LANGUAGE_STANDARD = gnu11;
				GCC_NO_COMMON_BLOCKS = YES;
				GCC_WARN_64_TO_32_BIT_CONVERSION = YES;
				GCC_WARN_ABOUT_RETURN_TYPE = YES_ERROR;
				GCC_WARN_UNDECLARED_SELECTOR = YES;
				GCC_WARN_UNINITIALIZED_AUTOS = YES_AGGRESSIVE;
				GCC_WARN_UNUSED_FUNCTION = YES;
				GCC_WARN_UNUSED_VARIABLE = YES;
				IPHONEOS_DEPLOYMENT_TARGET = 16.0;
				MARKETING_VERSION = 0.2.0;
				MTL_ENABLE_DEBUG_INFO = NO;
				MTL_FAST_MATH = YES;
				PRODUCT_NAME = "$(TARGET_NAME)";
				SDKROOT = iphoneos;
				STRING_CATALOG_GENERATE_SYMBOLS = YES;
				SWIFT_COMPILATION_MODE = wholemodule;
				SWIFT_OPTIMIZATION_LEVEL = "-O";
				SWIFT_VERSION = 5.9;
			};
			name = Release;
		};
		D49A5F99B58D96D88A566395 /* Debug */ = {
			isa = XCBuildConfiguration;
			buildSettings = {
				ASSETCATALOG_COMPILER_APPICON_NAME = AppIcon;
				CODE_SIGN_IDENTITY = "iPhone Developer";
				CODE_SIGN_STYLE = Automatic;
				"EXCLUDED_ARCHS[sdk=iphonesimulator*]" = arm64;
				INFOPLIST_FILE = Witness/Info.plist;
				LD_RUNPATH_SEARCH_PATHS = (
					"$(inherited)",
					"@executable_path/Frameworks",
				);
				PRODUCT_BUNDLE_IDENTIFIER = art.precrime.witness;
				SDKROOT = iphoneos;
				SUPPORTS_MACCATALYST = NO;
				SUPPORTS_MAC_DESIGNED_FOR_IPHONE_IPAD = NO;
				TARGETED_DEVICE_FAMILY = 1;
			};
			name = Debug;
		};
/* End XCBuildConfiguration section */

/* Begin XCConfigurationList section */
		2F2E6B6EA3D2685FCD451820 /* Build configuration list for PBXNativeTarget "Witness" */ = {
			isa = XCConfigurationList;
			buildConfigurations = (
				D49A5F99B58D96D88A566395 /* Debug */,
				079DEFD810EA130FD3E2FC6C /* Release */,
			);
			defaultConfigurationIsVisible = 0;
			defaultConfigurationName = Debug;
		};
		7EF346C71AE527C30003F330 /* Build configuration list for PBXProject "Witness" */ = {
			isa = XCConfigurationList;
			buildConfigurations = (
				42E228111FCADAE792CCA7E3 /* Debug */,
				A99EF3E3E26716F2AD788D18 /* Release */,
			);
			defaultConfigurationIsVisible = 0;
			defaultConfigurationName = Debug;
		};
/* End XCConfigurationList section */
	};
	rootObject = 5DE08BFC18210C8548FE82D8 /* Project object */;
}
